
Microsoft Visual Studio Solution File, Format Version 12.00
# Visual Studio Version 17
VisualStudioVersion = 17.9.34701.34
MinimumVisualStudioVersion = 10.0.40219.1
Project("{FAE04EC0-301F-11D3-BF4B-00C04F79EFBC}") = "Generic type task2", "Generic type task2\Generic type task2.csproj", "{B3BC3B90-D49F-4AB3-A443-6FFBEA40D2C1}"
EndProject
Global
	GlobalSection(SolutionConfigurationPlatforms) = preSolution
		Debug|Any CPU = Debug|Any CPU
		Release|Any CPU = Release|Any CPU
	EndGlobalSection
	GlobalSection(ProjectConfigurationPlatforms) = postSolution
		{B3BC3B90-D49F-4AB3-A443-6FFBEA40D2C1}.Debug|Any CPU.ActiveCfg = Debug|Any CPU
		{B3BC3B90-D49F-4AB3-A443-6FFBEA40D2C1}.Debug|Any CPU.Build.0 = Debug|Any CPU
		{B3BC3B90-D49F-4AB3-A443-6FFBEA40D2C1}.Release|Any CPU.ActiveCfg = Release|Any CPU
		{B3BC3B90-D49F-4AB3-A443-6FFBEA40D2C1}.Release|Any CPU.Build.0 = Release|Any CPU
	EndGlobalSection
	GlobalSection(SolutionProperties) = preSolution
		HideSolutionNode = FALSE
	EndGlobalSection
	GlobalSection(ExtensibilityGlobals) = postSolution
		SolutionGuid = {2D742911-D1D2-48DE-ACB3-A68BFA62EA42}
	EndGlobalSection
EndGlobal
